<?xml version="1.0" encoding="utf-8"?>
<Project ToolsVersion="4.0" xmlns="http://schemas.microsoft.com/developer/msbuild/2003">
  <ItemGroup>
    <Filter Include="utils">
      <UniqueIdentifier>{4FC737F1-C7A5-4376-A066-2A32D752A2FF}</UniqueIdentifier>
      <Extensions>cpp;c;cc;cxx;def;odl;idl;hpj;bat;asm;asmx</Extensions>
    </Filter>
    <Filter Include="LocalMethods">
      <UniqueIdentifier>{99227c08-59db-472a-aa91-f170a82e1e97}</UniqueIdentifier>
    </Filter>
    <Filter Include="Evaluation">
      <UniqueIdentifier>{fc0d7f9d-1cca-4528-ad18-a99d91525582}</UniqueIdentifier>
    </Filter>
    <Filter Include="SLIC">
      <UniqueIdentifier>{b79bee18-b90f-4da5-9d56-3fae57a4a20f}</UniqueIdentifier>
    </Filter>
    <Filter Include="poly2tri">
      <UniqueIdentifier>{c327f787-526a-4df9-8492-62b20229f255}</UniqueIdentifier>
    </Filter>
    <Filter Include="gco-v3.0">
      <UniqueIdentifier>{094b6589-8528-4d54-a29d-f8c9c263dd22}</UniqueIdentifier>
    </Filter>
    <Filter Include="spsstereo">
      <UniqueIdentifier>{733213f3-031a-4b47-98c1-ee0c7bb11cfa}</UniqueIdentifier>
    </Filter>
    <Filter Include="MeanShift">
      <UniqueIdentifier>{4a07fed6-b64c-4d54-92f7-b92c6dcb8571}</UniqueIdentifier>
    </Filter>
    <Filter Include="daisy">
      <UniqueIdentifier>{0740abba-0b2e-46c5-b64a-5a55c1f7e647}</UniqueIdentifier>
    </Filter>
  </ItemGroup>
  <ItemGroup>
    <ClInclude Include="MCImg.h">
      <Filter>utils</Filter>
    </ClInclude>
    <ClInclude Include="StereoAPI.h">
      <Filter>utils</Filter>
    </ClInclude>
    <ClInclude Include="Timer.h">
      <Filter>utils</Filter>
    </ClInclude>
    <ClInclude Include="SlantedPlane.h">
      <Filter>utils</Filter>
    </ClInclude>
    <ClInclude Include="SLIC\SLIC.h">
      <Filter>SLIC</Filter>
    </ClInclude>
    <ClInclude Include="poly2tri\poly2tri.h">
      <Filter>poly2tri</Filter>
    </ClInclude>
    <ClInclude Include="poly2tri\sweep\advancing_front.h">
      <Filter>poly2tri</Filter>
    </ClInclude>
    <ClInclude Include="poly2tri\sweep\cdt.h">
      <Filter>poly2tri</Filter>
    </ClInclude>
    <ClInclude Include="poly2tri\sweep\sweep.h">
      <Filter>poly2tri</Filter>
    </ClInclude>
    <ClInclude Include="poly2tri\sweep\sweep_context.h">
      <Filter>poly2tri</Filter>
    </ClInclude>
    <ClInclude Include="poly2tri\common\shapes.h">
      <Filter>poly2tri</Filter>
    </ClInclude>
    <ClInclude Include="poly2tri\common\utils.h">
      <Filter>poly2tri</Filter>
    </ClInclude>
    <ClInclude Include="BPOnFactorGraph.h">
      <Filter>LocalMethods</Filter>
    </ClInclude>
    <ClInclude Include="ReleaseAssert.h">
      <Filter>utils</Filter>
    </ClInclude>
    <ClInclude Include="gco-v3.0\block.h">
      <Filter>gco-v3.0</Filter>
    </ClInclude>
    <ClInclude Include="gco-v3.0\energy.h">
      <Filter>gco-v3.0</Filter>
    </ClInclude>
    <ClInclude Include="gco-v3.0\GCoptimization.h">
      <Filter>gco-v3.0</Filter>
    </ClInclude>
    <ClInclude Include="gco-v3.0\graph.h">
      <Filter>gco-v3.0</Filter>
    </ClInclude>
    <ClInclude Include="gco-v3.0\LinkedBlockList.h">
      <Filter>gco-v3.0</Filter>
    </ClInclude>
    <ClInclude Include="PostProcess.h">
      <Filter>LocalMethods</Filter>
    </ClInclude>
    <ClInclude Include="spsstereo\defParameter.h">
      <Filter>spsstereo</Filter>
    </ClInclude>
    <ClInclude Include="spsstereo\SGMStereo.h">
      <Filter>spsstereo</Filter>
    </ClInclude>
    <ClInclude Include="spsstereo\SPSStereo.h">
      <Filter>spsstereo</Filter>
    </ClInclude>
    <ClInclude Include="MeanShift\ms.h">
      <Filter>MeanShift</Filter>
    </ClInclude>
    <ClInclude Include="MeanShift\msImageProcessor.h">
      <Filter>MeanShift</Filter>
    </ClInclude>
    <ClInclude Include="MeanShift\RAList.h">
      <Filter>MeanShift</Filter>
    </ClInclude>
    <ClInclude Include="MeanShift\rlist.h">
      <Filter>MeanShift</Filter>
    </ClInclude>
    <ClInclude Include="MeanShift\tdef.h">
      <Filter>MeanShift</Filter>
    </ClInclude>
  </ItemGroup>
  <ItemGroup>
    <ClCompile Include="MatchingCost.cpp">
      <Filter>LocalMethods</Filter>
    </ClCompile>
    <ClCompile Include="Evaluation.cpp">
      <Filter>Evaluation</Filter>
    </ClCompile>
    <ClCompile Include="MouseCallbacks.cpp">
      <Filter>Evaluation</Filter>
    </ClCompile>
    <ClCompile Include="PatchMatchOnPixels.cpp">
      <Filter>LocalMethods</Filter>
    </ClCompile>
    <ClCompile Include="Timer.cpp">
      <Filter>utils</Filter>
    </ClCompile>
    <ClCompile Include="Ply.cpp">
      <Filter>Evaluation</Filter>
    </ClCompile>
    <ClCompile Include="main.cpp">
      <Filter>LocalMethods</Filter>
    </ClCompile>
    <ClCompile Include="SelfSimilarityPropagation.cpp">
      <Filter>LocalMethods</Filter>
    </ClCompile>
    <ClCompile Include="SLIC\SLIC.cpp">
      <Filter>SLIC</Filter>
    </ClCompile>
    <ClCompile Include="poly2tri\sweep\advancing_front.cc">
      <Filter>poly2tri</Filter>
    </ClCompile>
    <ClCompile Include="poly2tri\sweep\cdt.cc">
      <Filter>poly2tri</Filter>
    </ClCompile>
    <ClCompile Include="poly2tri\sweep\sweep.cc">
      <Filter>poly2tri</Filter>
    </ClCompile>
    <ClCompile Include="poly2tri\sweep\sweep_context.cc">
      <Filter>poly2tri</Filter>
    </ClCompile>
    <ClCompile Include="poly2tri\common\shapes.cc">
      <Filter>poly2tri</Filter>
    </ClCompile>
    <ClCompile Include="Triangulate2D.cpp">
      <Filter>LocalMethods</Filter>
    </ClCompile>
    <ClCompile Include="PatchMatchOnTriangles.cpp">
      <Filter>LocalMethods</Filter>
    </ClCompile>
    <ClCompile Include="BP.cpp">
      <Filter>LocalMethods</Filter>
    </ClCompile>
    <ClCompile Include="BPOnFactorGraph.cpp">
      <Filter>LocalMethods</Filter>
    </ClCompile>
    <ClCompile Include="GlobalParams.cpp">
      <Filter>LocalMethods</Filter>
    </ClCompile>
    <ClCompile Include="PostProcess.cpp">
      <Filter>LocalMethods</Filter>
    </ClCompile>
    <ClCompile Include="Splitting.cpp">
      <Filter>LocalMethods</Filter>
    </ClCompile>
    <ClCompile Include="gco-v3.0\example.cpp">
      <Filter>gco-v3.0</Filter>
    </ClCompile>
    <ClCompile Include="gco-v3.0\GCoptimization.cpp">
      <Filter>gco-v3.0</Filter>
    </ClCompile>
    <ClCompile Include="gco-v3.0\graph.cpp">
      <Filter>gco-v3.0</Filter>
    </ClCompile>
    <ClCompile Include="gco-v3.0\LinkedBlockList.cpp">
      <Filter>gco-v3.0</Filter>
    </ClCompile>
    <ClCompile Include="gco-v3.0\maxflow.cpp">
      <Filter>gco-v3.0</Filter>
    </ClCompile>
    <ClCompile Include="GC.cpp">
      <Filter>LocalMethods</Filter>
    </ClCompile>
    <ClCompile Include="GroundTruthStatistics.cpp">
      <Filter>LocalMethods</Filter>
    </ClCompile>
    <ClCompile Include="ARAP.cpp">
      <Filter>LocalMethods</Filter>
    </ClCompile>
    <ClCompile Include="SGM.cpp">
      <Filter>LocalMethods</Filter>
    </ClCompile>
    <ClCompile Include="StereoFlow.cpp">
      <Filter>LocalMethods</Filter>
    </ClCompile>
    <ClCompile Include="MySLIC.cpp">
      <Filter>LocalMethods</Filter>
    </ClCompile>
    <ClCompile Include="spsstereo\SGMStereo.cpp">
      <Filter>spsstereo</Filter>
    </ClCompile>
    <ClCompile Include="spsstereo\SPSStereo.cpp">
      <Filter>spsstereo</Filter>
    </ClCompile>
    <ClCompile Include="PlaneFitting.cpp">
      <Filter>LocalMethods</Filter>
    </ClCompile>
    <ClCompile Include="MeanShift\ms.cpp">
      <Filter>MeanShift</Filter>
    </ClCompile>
    <ClCompile Include="MeanShift\msImageProcessor.cpp">
      <Filter>MeanShift</Filter>
    </ClCompile>
    <ClCompile Include="MeanShift\RAList.cpp">
      <Filter>MeanShift</Filter>
    </ClCompile>
    <ClCompile Include="MeanShift\rlist.cpp">
      <Filter>MeanShift</Filter>
    </ClCompile>
    <ClCompile Include="EvalParams.h">
      <Filter>Evaluation</Filter>
    </ClCompile>
    <ClCompile Include="TestEigen.cpp">
      <Filter>LocalMethods</Filter>
    </ClCompile>
    <ClCompile Include="Rectification.cpp">
      <Filter>LocalMethods</Filter>
    </ClCompile>
    <ClCompile Include="test.cpp">
      <Filter>LocalMethods</Filter>
    </ClCompile>
    <ClCompile Include="daisy-1.8.1\src\corecv.cpp">
      <Filter>daisy</Filter>
    </ClCompile>
    <ClCompile Include="daisy-1.8.1\src\daisy.cpp">
      <Filter>daisy</Filter>
    </ClCompile>
    <ClCompile Include="daisy-1.8.1\src\general.cpp">
      <Filter>daisy</Filter>
    </ClCompile>
    <ClCompile Include="daisy-1.8.1\src\image_io_bmp.cpp">
      <Filter>daisy</Filter>
    </ClCompile>
    <ClCompile Include="daisy-1.8.1\src\image_io_jpeg.cpp">
      <Filter>daisy</Filter>
    </ClCompile>
    <ClCompile Include="daisy-1.8.1\src\image_io_png.cpp">
      <Filter>daisy</Filter>
    </ClCompile>
    <ClCompile Include="daisy-1.8.1\src\image_io_pnm.cpp">
      <Filter>daisy</Filter>
    </ClCompile>
    <ClCompile Include="daisy-1.8.1\src\image_manipulation.cpp">
      <Filter>daisy</Filter>
    </ClCompile>
    <ClCompile Include="daisy-1.8.1\src\interaction.cpp">
      <Filter>daisy</Filter>
    </ClCompile>
    <ClCompile Include="daisy-1.8.1\src\progress_bar.cpp">
      <Filter>daisy</Filter>
    </ClCompile>
    <ClCompile Include="daisy-1.8.1\src\main.cpp">
      <Filter>daisy</Filter>
    </ClCompile>
    <ClCompile Include="disp2colorjet.cpp">
      <Filter>LocalMethods</Filter>
    </ClCompile>
    <ClCompile Include="other_mains.cpp">
      <Filter>LocalMethods</Filter>
    </ClCompile>
    <ClCompile Include="iopfm.cpp">
      <Filter>LocalMethods</Filter>
    </ClCompile>
    <ClCompile Include="BoostResults.cpp">
      <Filter>LocalMethods</Filter>
    </ClCompile>
    <ClCompile Include="Snowman.cpp">
      <Filter>LocalMethods</Filter>
    </ClCompile>
    <ClCompile Include="GLExample.cpp">
      <Filter>LocalMethods</Filter>
    </ClCompile>
    <ClCompile Include="Serialize.cpp">
      <Filter>utils</Filter>
    </ClCompile>
    <ClCompile Include="GL_Bowling.cpp">
      <Filter>LocalMethods</Filter>
    </ClCompile>
    <ClCompile Include="GL_Bowling2.cpp">
      <Filter>LocalMethods</Filter>
    </ClCompile>
  </ItemGroup>
  <ItemGroup>
    <Text Include="MeanShift\MSReadme.txt">
      <Filter>MeanShift</Filter>
    </Text>
  </ItemGroup>
</Project>